
Microsoft Visual Studio Solution File, Format Version 12.00
# Visual Studio Version 17
VisualStudioVersion = 17.9.34607.119
MinimumVisualStudioVersion = 10.0.40219.1
Project("{8BC9CEB8-8B4A-11D0-8D11-00A0C91BC942}") = "ParadigmaOOP1_0200", "ParadigmaOOP1_0200.vcxproj", "{65098084-2AF0-4025-BED0-03391C82AB6F}"
EndProject
Project("{8BC9CEB8-8B4A-11D0-8D11-00A0C91BC942}") = "komposisi", "komposisi\komposisi.vcxproj", "{4E598BB5-370C-40CA-89E4-D3B85FEE33AB}"
EndProject
Project("{8BC9CEB8-8B4A-11D0-8D11-00A0C91BC942}") = "agregarsi", "agregarsi\agregarsi.vcxproj", "{9C32F42D-2FF4-47C4-8B6B-979D247300C3}"
EndProject
Project("{8BC9CEB8-8B4A-11D0-8D11-00A0C91BC942}") = "Asosiasi", "Asosiasi\Asosiasi.vcxproj", "{721A23ED-E7EF-40B7-9D17-CD6E8F079DF2}"
EndProject
Project("{8BC9CEB8-8B4A-11D0-8D11-00A0C91BC942}") = "Inheritance", "Inheritance\Inheritance.vcxproj", "{ED47A750-1427-419E-B548-9035AA907871}"
EndProject
Global
	GlobalSection(SolutionConfigurationPlatforms) = preSolution
		Debug|x64 = Debug|x64
		Debug|x86 = Debug|x86
		Release|x64 = Release|x64
		Release|x86 = Release|x86
	EndGlobalSection
	GlobalSection(ProjectConfigurationPlatforms) = postSolution
		{65098084-2AF0-4025-BED0-03391C82AB6F}.Debug|x64.ActiveCfg = Debug|x64
		{65098084-2AF0-4025-BED0-03391C82AB6F}.Debug|x64.Build.0 = Debug|x64
		{65098084-2AF0-4025-BED0-03391C82AB6F}.Debug|x86.ActiveCfg = Debug|Win32
		{65098084-2AF0-4025-BED0-03391C82AB6F}.Debug|x86.Build.0 = Debug|Win32
		{65098084-2AF0-4025-BED0-03391C82AB6F}.Release|x64.ActiveCfg = Release|x64
		{65098084-2AF0-4025-BED0-03391C82AB6F}.Release|x64.Build.0 = Release|x64
		{65098084-2AF0-4025-BED0-03391C82AB6F}.Release|x86.ActiveCfg = Release|Win32
		{65098084-2AF0-4025-BED0-03391C82AB6F}.Release|x86.Build.0 = Release|Win32
		{4E598BB5-370C-40CA-89E4-D3B85FEE33AB}.Debug|x64.ActiveCfg = Debug|x64
		{4E598BB5-370C-40CA-89E4-D3B85FEE33AB}.Debug|x64.Build.0 = Debug|x64
		{4E598BB5-370C-40CA-89E4-D3B85FEE33AB}.Debug|x86.ActiveCfg = Debug|Win32
		{4E598BB5-370C-40CA-89E4-D3B85FEE33AB}.Debug|x86.Build.0 = Debug|Win32
		{4E598BB5-370C-40CA-89E4-D3B85FEE33AB}.Release|x64.ActiveCfg = Release|x64
		{4E598BB5-370C-40CA-89E4-D3B85FEE33AB}.Release|x64.Build.0 = Release|x64
		{4E598BB5-370C-40CA-89E4-D3B85FEE33AB}.Release|x86.ActiveCfg = Release|Win32
		{4E598BB5-370C-40CA-89E4-D3B85FEE33AB}.Release|x86.Build.0 = Release|Win32
		{9C32F42D-2FF4-47C4-8B6B-979D247300C3}.Debug|x64.ActiveCfg = Debug|x64
		{9C32F42D-2FF4-47C4-8B6B-979D247300C3}.Debug|x64.Build.0 = Debug|x64
		{9C32F42D-2FF4-47C4-8B6B-979D247300C3}.Debug|x86.ActiveCfg = Debug|Win32
		{9C32F42D-2FF4-47C4-8B6B-979D247300C3}.Debug|x86.Build.0 = Debug|Win32
		{9C32F42D-2FF4-47C4-8B6B-979D247300C3}.Release|x64.ActiveCfg = Release|x64
		{9C32F42D-2FF4-47C4-8B6B-979D247300C3}.Release|x64.Build.0 = Release|x64
		{9C32F42D-2FF4-47C4-8B6B-979D247300C3}.Release|x86.ActiveCfg = Release|Win32
		{9C32F42D-2FF4-47C4-8B6B-979D247300C3}.Release|x86.Build.0 = Release|Win32
		{721A23ED-E7EF-40B7-9D17-CD6E8F079DF2}.Debug|x64.ActiveCfg = Debug|x64
		{721A23ED-E7EF-40B7-9D17-CD6E8F079DF2}.Debug|x64.Build.0 = Debug|x64
		{721A23ED-E7EF-40B7-9D17-CD6E8F079DF2}.Debug|x86.ActiveCfg = Debug|Win32
		{721A23ED-E7EF-40B7-9D17-CD6E8F079DF2}.Debug|x86.Build.0 = Debug|Win32
		{721A23ED-E7EF-40B7-9D17-CD6E8F079DF2}.Release|x64.ActiveCfg = Release|x64
		{721A23ED-E7EF-40B7-9D17-CD6E8F079DF2}.Release|x64.Build.0 = Release|x64
		{721A23ED-E7EF-40B7-9D17-CD6E8F079DF2}.Release|x86.ActiveCfg = Release|Win32
		{721A23ED-E7EF-40B7-9D17-CD6E8F079DF2}.Release|x86.Build.0 = Release|Win32
		{ED47A750-1427-419E-B548-9035AA907871}.Debug|x64.ActiveCfg = Debug|x64
		{ED47A750-1427-419E-B548-9035AA907871}.Debug|x64.Build.0 = Debug|x64
		{ED47A750-1427-419E-B548-9035AA907871}.Debug|x86.ActiveCfg = Debug|Win32
		{ED47A750-1427-419E-B548-9035AA907871}.Debug|x86.Build.0 = Debug|Win32
		{ED47A750-1427-419E-B548-9035AA907871}.Release|x64.ActiveCfg = Release|x64
		{ED47A750-1427-419E-B548-9035AA907871}.Release|x64.Build.0 = Release|x64
		{ED47A750-1427-419E-B548-9035AA907871}.Release|x86.ActiveCfg = Release|Win32
		{ED47A750-1427-419E-B548-9035AA907871}.Release|x86.Build.0 = Release|Win32
	EndGlobalSection
	GlobalSection(SolutionProperties) = preSolution
		HideSolutionNode = FALSE
	EndGlobalSection
	GlobalSection(ExtensibilityGlobals) = postSolution
		SolutionGuid = {ED230436-79D5-4C0A-B45A-81A5CD0F8C7E}
	EndGlobalSection
EndGlobal
